# THIS FILE IS GENERATED. DO NOT EDIT.

[solution]
[solution.context]
solved = true
[[solution.state]]
crate = "gnat_arm_elf"
fulfilment = "solved"
pinned = false
transitivity = "indirect"
versions = "^15"
[solution.state.release]
auto-gpr-with = false
description = "The GNAT Ada compiler - ARM cross-compiler"
licenses = "GPL-3.0-or-later AND GPL-3.0-or-later WITH GCC-exception-3.1"
maintainers = [
"chouteau@adacore.com",
"sagaert@adacore.com",
]
maintainers-logins = [
"Fabien-Chouteau",
"AldanTanneo",
]
name = "gnat_arm_elf"
provides = [
"gnat=15.3.1",
]
version = "15.3.1"
website = "https://github.com/alire-project/GNAT-FSF-builds"
[solution.state.release.configuration]
auto_gpr_with = true
disabled = true
generate_ada = true
generate_c = true
generate_gpr = true
output_dir = "config"
[solution.state.release.environment]
[solution.state.release.environment.PATH]
prepend = "${CRATE_ROOT}/bin"
[solution.state.release.origin]
binary = true
hashes = [
"sha256:e1f477c306a0e7ffb68d8643e6f1b1f3fe88cdcc3f8a33d6a69525d3d8c45b7c",
]
url = "https://github.com/alire-project/GNAT-FSF-builds/releases/download/gnat-15.3.0-1/gnat-arm-elf-darwin-aarch64-15.3.0-1.tar.gz"
[[solution.state]]
crate = "light_tasking_rp2350"
fulfilment = "solved"
pinned = false
transitivity = "direct"
versions = "*"
[solution.state.release]
authors = [
"AdaCore",
"Daniel King",
]
description = "light-tasking runtime for the RP2350 SoC"
licenses = "GPL-3.0-or-later WITH GCC-exception-3.1"
long-description = "## Usage\n\nFirst edit your `alire.toml` file and add the following elements:\n - Add `light_tasking_rp2350` in the dependency list:\n   ```toml\n   [[depends-on]]\n   light_tasking_rp2350 = \"*\"\n   ```\n\nThen edit your project file to add the following elements:\n - \"with\" the run-time project files. With this, gprbuild will compile the run-time before your application\n   ```ada\n   with \"runtime_build.gpr\";\n   with \"ravenscar_build.gpr\";\n   ```\n - Specify the `Target` and `Runtime` attributes:\n   ```ada\n      for Target use runtime_build'Target;\n      for Runtime (\"Ada\") use runtime_build'Runtime (\"Ada\");\n   ```\n - specify the `Linker` switches:\n   ```ada\n   package Linker is\n     for Switches (\"Ada\") use Runtime_Build.Linker_Switches & (\"-Wl,--gc-sections\");\n   end Linker;\n   ```\n   Note that `--gc-switches` is recommended as it reduces flash and RAM usage\n   by removing unused code and data, but it is not mandatory.\n\nSee the project website for details on configuring the runtime.\n"
maintainers = [
"Daniel King <damaki.gh@gmail.com>",
]
maintainers-logins = [
"damaki",
]
name = "light_tasking_rp2350"
project-files = [
"runtime_build.gpr",
"ravenscar_build.gpr",
]
tags = [
"embedded",
"runtime",
]
version = "15.4.0"
website = "https://github.com/damaki/community-bb-runtimes"
[solution.state.release.configuration]
auto_gpr_with = true
disabled = false
generate_ada = true
generate_c = true
generate_gpr = true
output_dir = "gnat_user"
[solution.state.release.configuration.variables]
[solution.state.release.configuration.variables.Board]
default = "rpi_pico2"
type = "Enum"
values = [
"generic_board",
"rpi_pico2",
"pimoroni_pico_lipo_2_xl_w",
"pimoroni_pico_plus_2",
"pimoroni_plasma_2350",
"pimoroni_tiny_2350",
"pimoroni_rp2350_stamp_xl",
"pimoroni_rp2350_stamp",
"pimoroni_pga2350",
"adafruit_feather_rp2350",
"adafruit_metro_rp2350",
"adafruit_fruit_jam",
]
[solution.state.release.configuration.variables.Flash_Size]
default = 2
first = 2
last = 16
type = "Integer"
[solution.state.release.configuration.variables.Interrupt_Secondary_Stack_Size]
default = 128
first = 1
last = 9223372036854775807
type = "Integer"
[solution.state.release.configuration.variables.Interrupt_Stack_Size]
default = 1024
first = 1
last = 9223372036854775807
type = "Integer"
[solution.state.release.configuration.variables.Max_CPUs]
default = 2
first = 1
last = 2
type = "Integer"
[solution.state.release.configuration.variables.PLL_Sys_Post_Div_1]
default = 5
first = 1
last = 7
type = "Integer"
[solution.state.release.configuration.variables.PLL_Sys_Post_Div_2]
default = 2
first = 1
last = 7
type = "Integer"
[solution.state.release.configuration.variables.PLL_Sys_Reference_Div]
default = 1
first = 1
last = 63
type = "Integer"
[solution.state.release.configuration.variables.PLL_Sys_VCO_Multiple]
default = 125
first = 16
last = 320
type = "Integer"
[solution.state.release.configuration.variables.PLL_USB_Post_Div_1]
default = 5
first = 1
last = 7
type = "Integer"
[solution.state.release.configuration.variables.PLL_USB_Post_Div_2]
default = 2
first = 1
last = 7
type = "Integer"
[solution.state.release.configuration.variables.PLL_USB_Reference_Div]
default = 1
first = 1
last = 63
type = "Integer"
[solution.state.release.configuration.variables.PLL_USB_VCO_Multiple]
default = 40
first = 16
last = 320
type = "Integer"
[solution.state.release.configuration.variables.Security_Level]
default = "Secure"
type = "Enum"
values = [
"Secure",
"Non_Secure",
]
[solution.state.release.configuration.variables.Time_Base_Alarm]
default = "ALARM3"
type = "Enum"
values = [
"ALARM0",
"ALARM1",
"ALARM2",
"ALARM3",
]
[solution.state.release.configuration.variables.Time_Base_Timer]
default = "TIMER0"
type = "Enum"
values = [
"TIMER0",
"TIMER1",
]
[solution.state.release.configuration.variables.XOSC_Frequency]
default = 12000000
first = 0
last = 9223372036854775807
type = "Integer"
[solution.state.release.configuration.variables.XOSC_Startup_Delay_Mult]
default = 64
first = 1
last = 16383
type = "Integer"
[solution.state.release.origin]
hashes = [
"sha256:05ae855da46bd0417de88b0ecddf8d07337b3817d6cc688cd190d095013833fe",
"sha512:dcac1328bd02bf7fb1f2fc1aaf34899264a7ad17cb3dcb4a163a0600c7b93977f8d7c83ca8c7bcecdf156d16cb3c2348c087b0bedfa00f2f5b4565e19bbc4fa7",
]
url = "https://github.com/damaki/community-bb-runtimes/releases/download/v15.4.0/light-tasking-rp2350-15.4.0.tar.gz"
[[solution.state.release.depends-on]]
gnat_arm_elf = "^15"

